# Generated by buf. DO NOT EDIT.
version: v1
deps:
  - remote: buf.build
    owner: restatedev
    repository: proto
    commit: 4d7b66569c9a436ca3865e1109d18a38
    digest: shake256:31403fe2e97639eaf8a408abdd89b6ec41bb83789d8c4003d80521843ff527d4bfc03581b4ac20b6f000e5080c446bd99b21d7c5177591ada9420bf519649092
