# Generated by buf. DO NOT EDIT.
version: v1
deps:
  - remote: buf.build
    owner: restatedev
    repository: proto
    commit: d38d7a3aded94f72988ea486f0670dbc
    digest: shake256:86b2d6133a036b8c6d85538709f405a28921cb631ac927b55895a72b6e05a7a667df9c25dc7e6a717cd3d5d81087ca698af78435a08ee55b5ef67449e48b2b54
